
Microsoft Visual Studio Solution File, Format Version 12.00
# Visual Studio Version 16
VisualStudioVersion = 16.0.31112.23
MinimumVisualStudioVersion = 10.0.40219.1
Project("{FAE04EC0-301F-11D3-BF4B-00C04F79EFBC}") = "Bussen", "Bussen\Bussen.csproj", "{91D8E8DE-4C84-42D5-964C-19C9C69E1C3D}"
EndProject
Global
	GlobalSection(SolutionConfigurationPlatforms) = preSolution
		Debug|Any CPU = Debug|Any CPU
		Release|Any CPU = Release|Any CPU
	EndGlobalSection
	GlobalSection(ProjectConfigurationPlatforms) = postSolution
		{91D8E8DE-4C84-42D5-964C-19C9C69E1C3D}.Debug|Any CPU.ActiveCfg = Debug|Any CPU
		{91D8E8DE-4C84-42D5-964C-19C9C69E1C3D}.Debug|Any CPU.Build.0 = Debug|Any CPU
		{91D8E8DE-4C84-42D5-964C-19C9C69E1C3D}.Release|Any CPU.ActiveCfg = Release|Any CPU
		{91D8E8DE-4C84-42D5-964C-19C9C69E1C3D}.Release|Any CPU.Build.0 = Release|Any CPU
	EndGlobalSection
	GlobalSection(SolutionProperties) = preSolution
		HideSolutionNode = FALSE
	EndGlobalSection
	GlobalSection(ExtensibilityGlobals) = postSolution
		SolutionGuid = {1393587A-C33D-4853-A2C1-34D80B626B01}
	EndGlobalSection
EndGlobal
